{
    "name": "s0ti5emj3m",
    "lockfileVersion": 3,
    "requires": true,
    "packages": {
        "": {
            "dependencies": {
                "@ai-sdk/openai": "^2.0.23",
                "ai": "^5.0.29",
                "zod": "^4.1.5"
            }
        },
        "node_modules/@ai-sdk/gateway": {
            "version": "1.0.20",
            "resolved": "https://registry.npmjs.org/@ai-sdk/gateway/-/gateway-1.0.20.tgz",
            "integrity": "sha512-2K0kGnHyLfT1v2+3xXbLqohfWBJ/vmIh1FTWnrvZfvuUuBdOi2DMgnSQzkLvFVLyM8mhOcx+ZwU6IOOsuyOv/w==",
            "license": "Apache-2.0",
            "dependencies": {
                "@ai-sdk/provider": "2.0.0",
                "@ai-sdk/provider-utils": "3.0.8"
            },
            "engines": {
                "node": ">=18"
            },
            "peerDependencies": {
                "zod": "^3.25.76 || ^4"
            }
        },
        "node_modules/@ai-sdk/openai": {
            "version": "2.0.27",
            "resolved": "https://registry.npmjs.org/@ai-sdk/openai/-/openai-2.0.27.tgz",
            "integrity": "sha512-5fUFBlE9qGFgezVIVkzQk87qZYkxsn5PsedtCFPoGxHK6c2QVYHuD1UcrVIKt0elr043Vx17Xo/gS5oJAR5YEQ==",
            "license": "Apache-2.0",
            "dependencies": {
                "@ai-sdk/provider": "2.0.0",
                "@ai-sdk/provider-utils": "3.0.8"
            },
            "engines": {
                "node": ">=18"
            },
            "peerDependencies": {
                "zod": "^3.25.76 || ^4"
            }
        },
        "node_modules/@ai-sdk/provider": {
            "version": "2.0.0",
            "resolved": "https://registry.npmjs.org/@ai-sdk/provider/-/provider-2.0.0.tgz",
            "integrity": "sha512-6o7Y2SeO9vFKB8lArHXehNuusnpddKPk7xqL7T2/b+OvXMRIXUO1rR4wcv1hAFUAT9avGZshty3Wlua/XA7TvA==",
            "license": "Apache-2.0",
            "dependencies": {
                "json-schema": "^0.4.0"
            },
            "engines": {
                "node": ">=18"
            }
        },
        "node_modules/@ai-sdk/provider-utils": {
            "version": "3.0.8",
            "resolved": "https://registry.npmjs.org/@ai-sdk/provider-utils/-/provider-utils-3.0.8.tgz",
            "integrity": "sha512-cDj1iigu7MW2tgAQeBzOiLhjHOUM9vENsgh4oAVitek0d//WdgfPCsKO3euP7m7LyO/j9a1vr/So+BGNdpFXYw==",
            "license": "Apache-2.0",
            "dependencies": {
                "@ai-sdk/provider": "2.0.0",
                "@standard-schema/spec": "^1.0.0",
                "eventsource-parser": "^3.0.5"
            },
            "engines": {
                "node": ">=18"
            },
            "peerDependencies": {
                "zod": "^3.25.76 || ^4"
            }
        },
        "node_modules/@opentelemetry/api": {
            "version": "1.9.0",
            "resolved": "https://registry.npmjs.org/@opentelemetry/api/-/api-1.9.0.tgz",
            "integrity": "sha512-3giAOQvZiH5F9bMlMiv8+GSPMeqg0dbaeo58/0SlA9sxSqZhnUtxzX9/2FzyhS9sWQf5S0GJE0AKBrFqjpeYcg==",
            "license": "Apache-2.0",
            "engines": {
                "node": ">=8.0.0"
            }
        },
        "node_modules/@standard-schema/spec": {
            "version": "1.0.0",
            "resolved": "https://registry.npmjs.org/@standard-schema/spec/-/spec-1.0.0.tgz",
            "integrity": "sha512-m2bOd0f2RT9k8QJx1JN85cZYyH1RqFBdlwtkSlf4tBDYLCiiZnv1fIIwacK6cqwXavOydf0NPToMQgpKq+dVlA==",
            "license": "MIT"
        },
        "node_modules/ai": {
            "version": "5.0.38",
            "resolved": "https://registry.npmjs.org/ai/-/ai-5.0.38.tgz",
            "integrity": "sha512-ocJURGbEXt1DNqurqavs43kBS2tTzWR71nMTWB1UKDswvjrgOLnibLDF/z7SeRV4DGWt8Kc5LWRXfNlBKkht0A==",
            "license": "Apache-2.0",
            "dependencies": {
                "@ai-sdk/gateway": "1.0.20",
                "@ai-sdk/provider": "2.0.0",
                "@ai-sdk/provider-utils": "3.0.8",
                "@opentelemetry/api": "1.9.0"
            },
            "engines": {
                "node": ">=18"
            },
            "peerDependencies": {
                "zod": "^3.25.76 || ^4"
            }
        },
        "node_modules/eventsource-parser": {
            "version": "3.0.6",
            "resolved": "https://registry.npmjs.org/eventsource-parser/-/eventsource-parser-3.0.6.tgz",
            "integrity": "sha512-Vo1ab+QXPzZ4tCa8SwIHJFaSzy4R6SHf7BY79rFBDf0idraZWAkYrDjDj8uWaSm3S2TK+hJ7/t1CEmZ7jXw+pg==",
            "license": "MIT",
            "engines": {
                "node": ">=18.0.0"
            }
        },
        "node_modules/json-schema": {
            "version": "0.4.0",
            "resolved": "https://registry.npmjs.org/json-schema/-/json-schema-0.4.0.tgz",
            "integrity": "sha512-es94M3nTIfsEPisRafak+HDLfHXnKBhV3vU5eqPcS3flIWqcxJWgXHXiey3YrpaNsanY5ei1VoYEbOzijuq9BA==",
            "license": "(AFL-2.1 OR BSD-3-Clause)"
        },
        "node_modules/zod": {
            "version": "4.1.5",
            "resolved": "https://registry.npmjs.org/zod/-/zod-4.1.5.tgz",
            "integrity": "sha512-rcUUZqlLJgBC33IT3PNMgsCq6TzLQEG/Ei/KTCU0PedSWRMAXoOUN+4t/0H+Q8bdnLPdqUYnvboJT0bn/229qg==",
            "license": "MIT",
            "funding": {
                "url": "https://github.com/sponsors/colinhacks"
            }
        }
    }
}
